
Microsoft Visual Studio Solution File, Format Version 12.00
# Visual Studio 15
VisualStudioVersion = 15.0.27130.2010
MinimumVisualStudioVersion = 10.0.40219.1
Project("{FAE04EC0-301F-11D3-BF4B-00C04F79EFBC}") = "Shahnameh", "Shahnameh\Shahnameh.csproj", "{0215AA37-9DF1-4C63-8376-80612E82B596}"
EndProject
Project("{FAE04EC0-301F-11D3-BF4B-00C04F79EFBC}") = "Shahnameh.Import", "Shahnameh.Import\Shahnameh.Import.csproj", "{DEADF65F-2B7A-4959-8C11-2AB207C06A4A}"
EndProject
Project("{FAE04EC0-301F-11D3-BF4B-00C04F79EFBC}") = "Shahnameh.DataModel", "Shahnameh.DataModel\Shahnameh.DataModel.csproj", "{7FF57978-D3AF-426D-AAC7-893296F59467}"
EndProject
Project("{FAE04EC0-301F-11D3-BF4B-00C04F79EFBC}") = "ImportTool", "ImportTool\ImportTool.csproj", "{4BA8B186-055A-466F-AC10-C55FCCE25273}"
EndProject
Global
	GlobalSection(SolutionConfigurationPlatforms) = preSolution
		Debug|Any CPU = Debug|Any CPU
		Release|Any CPU = Release|Any CPU
	EndGlobalSection
	GlobalSection(ProjectConfigurationPlatforms) = postSolution
		{0215AA37-9DF1-4C63-8376-80612E82B596}.Debug|Any CPU.ActiveCfg = Debug|Any CPU
		{0215AA37-9DF1-4C63-8376-80612E82B596}.Debug|Any CPU.Build.0 = Debug|Any CPU
		{0215AA37-9DF1-4C63-8376-80612E82B596}.Release|Any CPU.ActiveCfg = Release|Any CPU
		{0215AA37-9DF1-4C63-8376-80612E82B596}.Release|Any CPU.Build.0 = Release|Any CPU
		{DEADF65F-2B7A-4959-8C11-2AB207C06A4A}.Debug|Any CPU.ActiveCfg = Debug|Any CPU
		{DEADF65F-2B7A-4959-8C11-2AB207C06A4A}.Debug|Any CPU.Build.0 = Debug|Any CPU
		{DEADF65F-2B7A-4959-8C11-2AB207C06A4A}.Release|Any CPU.ActiveCfg = Release|Any CPU
		{DEADF65F-2B7A-4959-8C11-2AB207C06A4A}.Release|Any CPU.Build.0 = Release|Any CPU
		{7FF57978-D3AF-426D-AAC7-893296F59467}.Debug|Any CPU.ActiveCfg = Debug|Any CPU
		{7FF57978-D3AF-426D-AAC7-893296F59467}.Debug|Any CPU.Build.0 = Debug|Any CPU
		{7FF57978-D3AF-426D-AAC7-893296F59467}.Release|Any CPU.ActiveCfg = Release|Any CPU
		{7FF57978-D3AF-426D-AAC7-893296F59467}.Release|Any CPU.Build.0 = Release|Any CPU
		{4BA8B186-055A-466F-AC10-C55FCCE25273}.Debug|Any CPU.ActiveCfg = Debug|Any CPU
		{4BA8B186-055A-466F-AC10-C55FCCE25273}.Debug|Any CPU.Build.0 = Debug|Any CPU
		{4BA8B186-055A-466F-AC10-C55FCCE25273}.Release|Any CPU.ActiveCfg = Release|Any CPU
		{4BA8B186-055A-466F-AC10-C55FCCE25273}.Release|Any CPU.Build.0 = Release|Any CPU
	EndGlobalSection
	GlobalSection(SolutionProperties) = preSolution
		HideSolutionNode = FALSE
	EndGlobalSection
	GlobalSection(ExtensibilityGlobals) = postSolution
		SolutionGuid = {F261BAA3-76FA-4F14-BE22-7684D1153F6E}
	EndGlobalSection
EndGlobal
